
Microsoft Visual Studio Solution File, Format Version 12.00
# Visual Studio 15
VisualStudioVersion = 15.0.28307.102
MinimumVisualStudioVersion = 10.0.40219.1
Project("{FAE04EC0-301F-11D3-BF4B-00C04F79EFBC}") = "ExerciseTest", "ExerciseTest\ExerciseTest.csproj", "{6B3B06AF-7EE8-4F8F-9B1B-43FAD7A08F20}"
EndProject
Global
	GlobalSection(SolutionConfigurationPlatforms) = preSolution
		Debug|Any CPU = Debug|Any CPU
		Release|Any CPU = Release|Any CPU
	EndGlobalSection
	GlobalSection(ProjectConfigurationPlatforms) = postSolution
		{6B3B06AF-7EE8-4F8F-9B1B-43FAD7A08F20}.Debug|Any CPU.ActiveCfg = Debug|Any CPU
		{6B3B06AF-7EE8-4F8F-9B1B-43FAD7A08F20}.Debug|Any CPU.Build.0 = Debug|Any CPU
		{6B3B06AF-7EE8-4F8F-9B1B-43FAD7A08F20}.Release|Any CPU.ActiveCfg = Release|Any CPU
		{6B3B06AF-7EE8-4F8F-9B1B-43FAD7A08F20}.Release|Any CPU.Build.0 = Release|Any CPU
	EndGlobalSection
	GlobalSection(SolutionProperties) = preSolution
		HideSolutionNode = FALSE
	EndGlobalSection
	GlobalSection(ExtensibilityGlobals) = postSolution
		SolutionGuid = {50F5EC2E-E417-42E9-9996-B4AD423DDA59}
	EndGlobalSection
EndGlobal
